<?xml version="1.0" encoding="utf-8"?>
<Project ToolsVersion="4.0" xmlns="http://schemas.microsoft.com/developer/msbuild/2003">
  <ItemGroup>
    <Filter Include="Source Files">
      <UniqueIdentifier>{4FC737F1-C7A5-4376-A066-2A32D752A2FF}</UniqueIdentifier>
      <Extensions>cpp;c;cc;cxx;c++;cppm;ixx;def;odl;idl;hpj;bat;asm;asmx</Extensions>
    </Filter>
    <Filter Include="Header Files">
      <UniqueIdentifier>{93995380-89BD-4b04-88EB-625FBE52EBFB}</UniqueIdentifier>
      <Extensions>h;hh;hpp;hxx;h++;hm;inl;inc;ipp;xsd</Extensions>
    </Filter>
    <Filter Include="Resource Files">
      <UniqueIdentifier>{67DA6AB6-F800-4c08-8B7A-83BB121AAD01}</UniqueIdentifier>
      <Extensions>rc;ico;cur;bmp;dlg;rc2;rct;bin;rgs;gif;jpg;jpeg;jpe;resx;tiff;tif;png;wav;mfcribbon-ms</Extensions>
    </Filter>
  </ItemGroup>
  <ItemGroup>
    <ClCompile Include="JobMatchingDSA.cpp">
      <Filter>Source Files</Filter>
    </ClCompile>
    <ClCompile Include="src\io\CsvReader.cpp">
      <Filter>Source Files</Filter>
    </ClCompile>
    <ClCompile Include="src\models\JobLinkedList.cpp">
      <Filter>Source Files</Filter>
    </ClCompile>
    <ClCompile Include="src\models\ResumeLinkedList.cpp">
      <Filter>Source Files</Filter>
    </ClCompile>
    <ClCompile Include="src\utils\MatchLogic.cpp">
      <Filter>Source Files</Filter>
    </ClCompile>
    <ClCompile Include="src\arrays\ArrayJobs.cpp">
      <Filter>Source Files</Filter>
    </ClCompile>
    <ClCompile Include="src\arrays\ArraySearch.cpp">
      <Filter>Source Files</Filter>
    </ClCompile>
    <ClCompile Include="src\arrays\ArraySimilarity.cpp">
      <Filter>Source Files</Filter>
    </ClCompile>
    <ClCompile Include="src\io\SingleColumnCsv.cpp">
      <Filter>Source Files</Filter>
    </ClCompile>
    <ClCompile Include="src\arrays\ResumeArray.cpp">
      <Filter>Source Files</Filter>
    </ClCompile>
  </ItemGroup>
  <ItemGroup>
    <None Include="data\job_description.csv" />
    <None Include="data\resume.csv" />
    <None Include="README.md" />
  </ItemGroup>
  <ItemGroup>
    <ClInclude Include="src\io\CsvReader.h">
      <Filter>Header Files</Filter>
    </ClInclude>
    <ClInclude Include="src\models\JobLinkedList.h">
      <Filter>Header Files</Filter>
    </ClInclude>
    <ClInclude Include="src\models\ResumeLinkedList.h">
      <Filter>Header Files</Filter>
    </ClInclude>
    <ClInclude Include="src\utils\MatchLogic.h">
      <Filter>Header Files</Filter>
    </ClInclude>
    <ClInclude Include="src\models\Job.h">
      <Filter>Header Files</Filter>
    </ClInclude>
    <ClInclude Include="src\arrays\ArrayJobs.h">
      <Filter>Header Files</Filter>
    </ClInclude>
    <ClInclude Include="src\arrays\ArraySearch.h">
      <Filter>Header Files</Filter>
    </ClInclude>
    <ClInclude Include="src\arrays\ArraySimilarity.h">
      <Filter>Header Files</Filter>
    </ClInclude>
    <ClInclude Include="src\arrays\DynamicArray.h">
      <Filter>Header Files</Filter>
    </ClInclude>
    <ClInclude Include="src\io\SingleColumnCsv.h">
      <Filter>Header Files</Filter>
    </ClInclude>
    <ClInclude Include="src\arrays\ResumeArray.h">
      <Filter>Header Files</Filter>
    </ClInclude>
  </ItemGroup>
  <ItemGroup>
    <Text Include=".gitignore" />
  </ItemGroup>
</Project>